
Microsoft Visual Studio Solution File, Format Version 12.00
# Visual Studio Version 17
VisualStudioVersion = 17.14.36414.22 d17.14
MinimumVisualStudioVersion = 10.0.40219.1
Project("{FAE04EC0-301F-11D3-BF4B-00C04F79EFBC}") = "DayTradingApp", "DayTradingApp\DayTradingApp.csproj", "{D02C5864-3F25-422B-80CA-9A593B38B987}"
EndProject
Global
	GlobalSection(SolutionConfigurationPlatforms) = preSolution
		Debug|Any CPU = Debug|Any CPU
		Release|Any CPU = Release|Any CPU
	EndGlobalSection
	GlobalSection(ProjectConfigurationPlatforms) = postSolution
		{D02C5864-3F25-422B-80CA-9A593B38B987}.Debug|Any CPU.ActiveCfg = Debug|Any CPU
		{D02C5864-3F25-422B-80CA-9A593B38B987}.Debug|Any CPU.Build.0 = Debug|Any CPU
		{D02C5864-3F25-422B-80CA-9A593B38B987}.Release|Any CPU.ActiveCfg = Release|Any CPU
		{D02C5864-3F25-422B-80CA-9A593B38B987}.Release|Any CPU.Build.0 = Release|Any CPU
	EndGlobalSection
	GlobalSection(SolutionProperties) = preSolution
		HideSolutionNode = FALSE
	EndGlobalSection
	GlobalSection(ExtensibilityGlobals) = postSolution
		SolutionGuid = {0A7B9F58-A94B-4F7A-A89B-BCB9D24C08D1}
	EndGlobalSection
EndGlobal
